
Microsoft Visual Studio Solution File, Format Version 12.00
# Visual Studio Version 17
VisualStudioVersion = 17.14.37111.16
MinimumVisualStudioVersion = 10.0.40219.1
Project("{8BC9CEB8-8B4A-11D0-8D11-00A0C91BC942}") = "01_Chapter_SimplePrograms", "01_Chapter_SimplePrograms\01_Chapter_SimplePrograms.vcxproj", "{44003DA3-FDC3-4249-877E-78E45382A793}"
EndProject
Project("{8BC9CEB8-8B4A-11D0-8D11-00A0C91BC942}") = "01_Print_Numders_1_to_10", "01_Print_Numders_1_to_10\01_Print_Numders_1_to_10.vcxproj", "{7A20EEE7-8456-4FD6-B67A-F978EE9516E9}"
EndProject
Project("{8BC9CEB8-8B4A-11D0-8D11-00A0C91BC942}") = "02_OddNumbers", "02_OddNumbers\02_OddNumbers.vcxproj", "{87040F26-991D-4132-85B0-A28641A56246}"
EndProject
Project("{8BC9CEB8-8B4A-11D0-8D11-00A0C91BC942}") = "e03_Numbers4kPlus3", "e03_Numbers4kPlus3\e03_Numbers4kPlus3.vcxproj", "{598B3A12-99EF-49B9-BCEA-C73205EC60D6}"
EndProject
Project("{8BC9CEB8-8B4A-11D0-8D11-00A0C91BC942}") = "04_Fibonacci", "04_Fibonacci\04_Fibonacci.vcxproj", "{8901981A-C764-4096-A446-E9CA3211DB8B}"
EndProject
Global
	GlobalSection(SolutionConfigurationPlatforms) = preSolution
		Debug|x64 = Debug|x64
		Debug|x86 = Debug|x86
		Release|x64 = Release|x64
		Release|x86 = Release|x86
	EndGlobalSection
	GlobalSection(ProjectConfigurationPlatforms) = postSolution
		{44003DA3-FDC3-4249-877E-78E45382A793}.Debug|x64.ActiveCfg = Debug|x64
		{44003DA3-FDC3-4249-877E-78E45382A793}.Debug|x64.Build.0 = Debug|x64
		{44003DA3-FDC3-4249-877E-78E45382A793}.Debug|x86.ActiveCfg = Debug|Win32
		{44003DA3-FDC3-4249-877E-78E45382A793}.Debug|x86.Build.0 = Debug|Win32
		{44003DA3-FDC3-4249-877E-78E45382A793}.Release|x64.ActiveCfg = Release|x64
		{44003DA3-FDC3-4249-877E-78E45382A793}.Release|x64.Build.0 = Release|x64
		{44003DA3-FDC3-4249-877E-78E45382A793}.Release|x86.ActiveCfg = Release|Win32
		{44003DA3-FDC3-4249-877E-78E45382A793}.Release|x86.Build.0 = Release|Win32
		{7A20EEE7-8456-4FD6-B67A-F978EE9516E9}.Debug|x64.ActiveCfg = Debug|x64
		{7A20EEE7-8456-4FD6-B67A-F978EE9516E9}.Debug|x64.Build.0 = Debug|x64
		{7A20EEE7-8456-4FD6-B67A-F978EE9516E9}.Debug|x86.ActiveCfg = Debug|Win32
		{7A20EEE7-8456-4FD6-B67A-F978EE9516E9}.Debug|x86.Build.0 = Debug|Win32
		{7A20EEE7-8456-4FD6-B67A-F978EE9516E9}.Release|x64.ActiveCfg = Release|x64
		{7A20EEE7-8456-4FD6-B67A-F978EE9516E9}.Release|x64.Build.0 = Release|x64
		{7A20EEE7-8456-4FD6-B67A-F978EE9516E9}.Release|x86.ActiveCfg = Release|Win32
		{7A20EEE7-8456-4FD6-B67A-F978EE9516E9}.Release|x86.Build.0 = Release|Win32
		{87040F26-991D-4132-85B0-A28641A56246}.Debug|x64.ActiveCfg = Debug|x64
		{87040F26-991D-4132-85B0-A28641A56246}.Debug|x64.Build.0 = Debug|x64
		{87040F26-991D-4132-85B0-A28641A56246}.Debug|x86.ActiveCfg = Debug|Win32
		{87040F26-991D-4132-85B0-A28641A56246}.Debug|x86.Build.0 = Debug|Win32
		{87040F26-991D-4132-85B0-A28641A56246}.Release|x64.ActiveCfg = Release|x64
		{87040F26-991D-4132-85B0-A28641A56246}.Release|x64.Build.0 = Release|x64
		{87040F26-991D-4132-85B0-A28641A56246}.Release|x86.ActiveCfg = Release|Win32
		{87040F26-991D-4132-85B0-A28641A56246}.Release|x86.Build.0 = Release|Win32
		{598B3A12-99EF-49B9-BCEA-C73205EC60D6}.Debug|x64.ActiveCfg = Debug|x64
		{598B3A12-99EF-49B9-BCEA-C73205EC60D6}.Debug|x64.Build.0 = Debug|x64
		{598B3A12-99EF-49B9-BCEA-C73205EC60D6}.Debug|x86.ActiveCfg = Debug|Win32
		{598B3A12-99EF-49B9-BCEA-C73205EC60D6}.Debug|x86.Build.0 = Debug|Win32
		{598B3A12-99EF-49B9-BCEA-C73205EC60D6}.Release|x64.ActiveCfg = Release|x64
		{598B3A12-99EF-49B9-BCEA-C73205EC60D6}.Release|x64.Build.0 = Release|x64
		{598B3A12-99EF-49B9-BCEA-C73205EC60D6}.Release|x86.ActiveCfg = Release|Win32
		{598B3A12-99EF-49B9-BCEA-C73205EC60D6}.Release|x86.Build.0 = Release|Win32
		{8901981A-C764-4096-A446-E9CA3211DB8B}.Debug|x64.ActiveCfg = Debug|x64
		{8901981A-C764-4096-A446-E9CA3211DB8B}.Debug|x64.Build.0 = Debug|x64
		{8901981A-C764-4096-A446-E9CA3211DB8B}.Debug|x86.ActiveCfg = Debug|Win32
		{8901981A-C764-4096-A446-E9CA3211DB8B}.Debug|x86.Build.0 = Debug|Win32
		{8901981A-C764-4096-A446-E9CA3211DB8B}.Release|x64.ActiveCfg = Release|x64
		{8901981A-C764-4096-A446-E9CA3211DB8B}.Release|x64.Build.0 = Release|x64
		{8901981A-C764-4096-A446-E9CA3211DB8B}.Release|x86.ActiveCfg = Release|Win32
		{8901981A-C764-4096-A446-E9CA3211DB8B}.Release|x86.Build.0 = Release|Win32
	EndGlobalSection
	GlobalSection(SolutionProperties) = preSolution
		HideSolutionNode = FALSE
	EndGlobalSection
	GlobalSection(ExtensibilityGlobals) = postSolution
		SolutionGuid = {12218C97-8AB5-4522-A033-02E077D9875A}
	EndGlobalSection
EndGlobal
